
Microsoft Visual Studio Solution File, Format Version 12.00
# Visual Studio Version 17
VisualStudioVersion = 17.9.34728.123
MinimumVisualStudioVersion = 10.0.40219.1
Project("{C9674DCB-5085-4A16-B785-4C70DD1589BD}") = "Ventas Datos JCGR", "Ventas Datos JCGR\Ventas Datos JCGR.dtproj", "{C802A976-E175-4788-B9C2-E20464F7F5EF}"
EndProject
Global
	GlobalSection(SolutionConfigurationPlatforms) = preSolution
		Development|Default = Development|Default
	EndGlobalSection
	GlobalSection(ProjectConfigurationPlatforms) = postSolution
		{C802A976-E175-4788-B9C2-E20464F7F5EF}.Development|Default.ActiveCfg = Development
		{C802A976-E175-4788-B9C2-E20464F7F5EF}.Development|Default.Build.0 = Development
	EndGlobalSection
	GlobalSection(SolutionProperties) = preSolution
		HideSolutionNode = FALSE
	EndGlobalSection
	GlobalSection(ExtensibilityGlobals) = postSolution
		SolutionGuid = {DB4B4C91-6ECA-4AB9-BE00-07893A835747}
	EndGlobalSection
EndGlobal
